
Microsoft Visual Studio Solution File, Format Version 12.00
# Visual Studio Version 17
VisualStudioVersion = 17.0.31903.59
MinimumVisualStudioVersion = 10.0.40219.1
Project("{FAE04EC0-301F-11D3-BF4B-00C04F79EFBC}") = "GalliumWinUI", "GalliumWinUI\GalliumWinUI.csproj", "{3F7A9D2E-5B4C-4E1F-9A8D-7C6B3E2F1D0A}"
EndProject
Global
	GlobalSection(SolutionConfigurationPlatforms) = preSolution
		Debug|x64 = Debug|x64
		Release|x64 = Release|x64
	EndGlobalSection
	GlobalSection(ProjectConfigurationPlatforms) = postSolution
		{3F7A9D2E-5B4C-4E1F-9A8D-7C6B3E2F1D0A}.Debug|x64.ActiveCfg = Debug|x64
		{3F7A9D2E-5B4C-4E1F-9A8D-7C6B3E2F1D0A}.Debug|x64.Build.0 = Debug|x64
		{3F7A9D2E-5B4C-4E1F-9A8D-7C6B3E2F1D0A}.Release|x64.ActiveCfg = Release|x64
		{3F7A9D2E-5B4C-4E1F-9A8D-7C6B3E2F1D0A}.Release|x64.Build.0 = Release|x64
	EndGlobalSection
EndGlobal
